
Microsoft Visual Studio Solution File, Format Version 12.00
# Visual Studio Version 16
VisualStudioVersion = 16.0.29613.14
MinimumVisualStudioVersion = 10.0.40219.1
<<<<<<< HEAD
Project("{9A19103F-16F7-4668-BE54-9A1E7A4F7556}") = "FileFiltrerCSharp", "FileFiltrerCSharp\FileFiltrerCSharp.csproj", "{F4C2E595-5EF6-49EF-B334-2663C61066F6}"
EndProject
Project("{54435603-DBB4-11D2-8724-00A0C9A8B90C}") = "Setup", "Setup\Setup.vdproj", "{C9BAEE6D-386B-47FD-80F2-2263665CF40C}"
=======
Project("{FAE04EC0-301F-11D3-BF4B-00C04F79EFBC}") = "FileFiltrerCSharp", "FileFiltrerCSharp\FileFiltrerCSharp.csproj", "{F4C2E595-5EF6-49EF-B334-2663C61066F6}"
>>>>>>> FileFilter
EndProject
Global
	GlobalSection(SolutionConfigurationPlatforms) = preSolution
		Debug|Any CPU = Debug|Any CPU
		Release|Any CPU = Release|Any CPU
	EndGlobalSection
	GlobalSection(ProjectConfigurationPlatforms) = postSolution
		{F4C2E595-5EF6-49EF-B334-2663C61066F6}.Debug|Any CPU.ActiveCfg = Debug|Any CPU
		{F4C2E595-5EF6-49EF-B334-2663C61066F6}.Debug|Any CPU.Build.0 = Debug|Any CPU
		{F4C2E595-5EF6-49EF-B334-2663C61066F6}.Release|Any CPU.ActiveCfg = Release|Any CPU
		{F4C2E595-5EF6-49EF-B334-2663C61066F6}.Release|Any CPU.Build.0 = Release|Any CPU
<<<<<<< HEAD
		{C9BAEE6D-386B-47FD-80F2-2263665CF40C}.Debug|Any CPU.ActiveCfg = Debug
		{C9BAEE6D-386B-47FD-80F2-2263665CF40C}.Release|Any CPU.ActiveCfg = Release
=======
>>>>>>> FileFilter
	EndGlobalSection
	GlobalSection(SolutionProperties) = preSolution
		HideSolutionNode = FALSE
	EndGlobalSection
	GlobalSection(ExtensibilityGlobals) = postSolution
		SolutionGuid = {80D4C989-3A15-4366-A18F-AB159F903CBB}
	EndGlobalSection
EndGlobal
